
Microsoft Visual Studio Solution File, Format Version 9.00
# Visual Studio 2005
Project("{8BC9CEB8-8B4A-11D0-8D11-00A0C91BC942}") = "ProjectSource", "ProjectSource\ProjectSource.vcproj", "{A9CAD7DF-BABF-4C8A-89D8-AA8E3EB9C07B}"
EndProject
Global
	GlobalSection(SolutionConfigurationPlatforms) = preSolution
		Debug|Win32 = Debug|Win32
		Release|Win32 = Release|Win32
	EndGlobalSection
	GlobalSection(ProjectConfigurationPlatforms) = postSolution
		{A9CAD7DF-BABF-4C8A-89D8-AA8E3EB9C07B}.Debug|Win32.ActiveCfg = Debug|Win32
		{A9CAD7DF-BABF-4C8A-89D8-AA8E3EB9C07B}.Debug|Win32.Build.0 = Debug|Win32
		{A9CAD7DF-BABF-4C8A-89D8-AA8E3EB9C07B}.Release|Win32.ActiveCfg = Release|Win32
		{A9CAD7DF-BABF-4C8A-89D8-AA8E3EB9C07B}.Release|Win32.Build.0 = Release|Win32
	EndGlobalSection
	GlobalSection(SolutionProperties) = preSolution
		HideSolutionNode = FALSE
	EndGlobalSection
EndGlobal
